lockfileVersion: '9.0'

settings:
  autoInstallPeers: true
  excludeLinksFromLockfile: false

importers:

  .:
    devDependencies:
      '@types/google-apps-script':
        specifier: ^1.0.7
        version: 1.0.100
      clasp:
        specifier: ^1.0.0
        version: 1.0.0
      typescript:
        specifier: ^5.0.0
        version: 5.9.3

packages:

  '@types/google-apps-script@1.0.100':
    resolution: {integrity: sha512-POgcjcDbrjYJYf3Av6j5n+z9/z/WulCNh9Gj199HgrcgRLzcQLg5ALw6jdWcgBkzgTLNYZSe7/01aOfiNzzn9g==}

  clasp@1.0.0:
    resolution: {integrity: sha512-JkgxdZvYBtqIlGPvC5oRZ548eHpfx+81z5GXckpXcMkRTZDddkQfwK60w1YE32n8ovGoSW88pbsIvCPOKM6hyA==}

  typescript@5.9.3:
    resolution: {integrity: sha512-jl1vZzPDinLr9eUt3J/t7V6FgNEw9QjvBPdysz9KfQDD41fQrC2Y4vKQdiaUpFT4bXlb1RHhLpp8wtm6M5TgSw==}
    engines: {node: '>=14.17'}
    hasBin: true

snapshots:

  '@types/google-apps-script@1.0.100': {}

  clasp@1.0.0: {}

  typescript@5.9.3: {}
